// !$*UTF8*$!
{
	archiveVersion = 1;
	classes = {
	};
	objectVersion = 56;
	objects = {

/* Begin PBXBuildFile section */
		61FF5444298C89F1001BE28E /* Make_It_WorkApp.swift in Sources */ = {isa = PBXBuildFile; fileRef = 61FF5443298C89F1001BE28E /* Make_It_WorkApp.swift */; };
		61FF5446298C89F1001BE28E /* ContentView.swift in Sources */ = {isa = PBXBuildFile; fileRef = 61FF5445298C89F1001BE28E /* ContentView.swift */; };
		61FF5448298C89F3001BE28E /* Assets.xcassets in Resources */ = {isa = PBXBuildFile; fileRef = 61FF5447298C89F3001BE28E /* Assets.xcassets */; };
		61FF544B298C89F3001BE28E /* Preview Assets.xcassets in Resources */ = {isa = PBXBuildFile; fileRef = 61FF544A298C89F3001BE28E /* Preview Assets.xcassets */; };
		61FF5458298C8D3E001BE28E /* FirebaseAuth in Frameworks */ = {isa = PBXBuildFile; productRef = 61FF5457298C8D3E001BE28E /* FirebaseAuth */; };
		61FF545A298C8D3E001BE28E /* FirebaseDatabase in Frameworks */ = {isa = PBXBuildFile; productRef = 61FF5459298C8D3E001BE28E /* FirebaseDatabase */; };
		61FF545C298C8D3E001BE28E /* FirebaseFirestore in Frameworks */ = {isa = PBXBuildFile; productRef = 61FF545B298C8D3E001BE28E /* FirebaseFirestore */; };
		61FF545E298C8D3E001BE28E /* FirebaseStorage in Frameworks */ = {isa = PBXBuildFile; productRef = 61FF545D298C8D3E001BE28E /* FirebaseStorage */; };
		61FF5460298C8D69001BE28E /* LoginView.swift in Sources */ = {isa = PBXBuildFile; fileRef = 61FF545F298C8D69001BE28E /* LoginView.swift */; };
		61FF5464298C8E8E001BE28E /* HomeView.swift in Sources */ = {isa = PBXBuildFile; fileRef = 61FF5463298C8E8E001BE28E /* HomeView.swift */; };
		61FF5466298C8F14001BE28E /* SignUpView.swift in Sources */ = {isa = PBXBuildFile; fileRef = 61FF5465298C8F14001BE28E /* SignUpView.swift */; };
		61FF5468298C8F6B001BE28E /* UserModel.swift in Sources */ = {isa = PBXBuildFile; fileRef = 61FF5467298C8F6B001BE28E /* UserModel.swift */; };
		61FF546A298C8F79001BE28E /* ProfileViewModel.swift in Sources */ = {isa = PBXBuildFile; fileRef = 61FF5469298C8F79001BE28E /* ProfileViewModel.swift */; };
		61FF546D298C8FAC001BE28E /* FirebaseServices.swift in Sources */ = {isa = PBXBuildFile; fileRef = 61FF546C298C8FAC001BE28E /* FirebaseServices.swift */; };
		61FF546F298CC5E3001BE28E /* GoogleService-Info.plist in Resources */ = {isa = PBXBuildFile; fileRef = 61FF546E298CC5E3001BE28E /* GoogleService-Info.plist */; };
		61FF5471298E2BBD001BE28E /* WelcomeScreen.swift in Sources */ = {isa = PBXBuildFile; fileRef = 61FF5470298E2BBD001BE28E /* WelcomeScreen.swift */; };
		61FF5473298E2BCE001BE28E /* InputScreen.swift in Sources */ = {isa = PBXBuildFile; fileRef = 61FF5472298E2BCE001BE28E /* InputScreen.swift */; };
		61FF5475298E2BDF001BE28E /* MessageScreen.swift in Sources */ = {isa = PBXBuildFile; fileRef = 61FF5474298E2BDF001BE28E /* MessageScreen.swift */; };
		61FF5477298EBA11001BE28E /* ProfileScreen.swift in Sources */ = {isa = PBXBuildFile; fileRef = 61FF5476298EBA11001BE28E /* ProfileScreen.swift */; };
		61FF5479298EC6FA001BE28E /* EditProfileScreen.swift in Sources */ = {isa = PBXBuildFile; fileRef = 61FF5478298EC6FA001BE28E /* EditProfileScreen.swift */; };
		61FF547B29901DBF001BE28E /* MessageViewModel.swift in Sources */ = {isa = PBXBuildFile; fileRef = 61FF547A29901DBF001BE28E /* MessageViewModel.swift */; };
		61FF547E29918268001BE28E /* TitleBar.swift in Sources */ = {isa = PBXBuildFile; fileRef = 61FF547D29918268001BE28E /* TitleBar.swift */; };
		61FF5480299188C7001BE28E /* MessageModel.swift in Sources */ = {isa = PBXBuildFile; fileRef = 61FF547F299188C7001BE28E /* MessageModel.swift */; };
		61FF548229918966001BE28E /* MessageBubble.swift in Sources */ = {isa = PBXBuildFile; fileRef = 61FF548129918966001BE28E /* MessageBubble.swift */; };
/* End PBXBuildFile section */

/* Begin PBXFileReference section */
		61FF5440298C89F1001BE28E /* Make It Work.app */ = {isa = PBXFileReference; explicitFileType = wrapper.application; includeInIndex = 0; path = "Make It Work.app"; sourceTree = BUILT_PRODUCTS_DIR; };
		61FF5443298C89F1001BE28E /* Make_It_WorkApp.swift */ = {isa = PBXFileReference; lastKnownFileType = sourcecode.swift; path = Make_It_WorkApp.swift; sourceTree = "<group>"; };
		61FF5445298C89F1001BE28E /* ContentView.swift */ = {isa = PBXFileReference; lastKnownFileType = sourcecode.swift; path = ContentView.swift; sourceTree = "<group>"; };
		61FF5447298C89F3001BE28E /* Assets.xcassets */ = {isa = PBXFileReference; lastKnownFileType = folder.assetcatalog; path = Assets.xcassets; sourceTree = "<group>"; };
		61FF544A298C89F3001BE28E /* Preview Assets.xcassets */ = {isa = PBXFileReference; lastKnownFileType = folder.assetcatalog; path = "Preview Assets.xcassets"; sourceTree = "<group>"; };
		61FF545F298C8D69001BE28E /* LoginView.swift */ = {isa = PBXFileReference; lastKnownFileType = sourcecode.swift; path = LoginView.swift; sourceTree = "<group>"; };
		61FF5463298C8E8E001BE28E /* HomeView.swift */ = {isa = PBXFileReference; lastKnownFileType = sourcecode.swift; path = HomeView.swift; sourceTree = "<group>"; };
		61FF5465298C8F14001BE28E /* SignUpView.swift */ = {isa = PBXFileReference; lastKnownFileType = sourcecode.swift; path = SignUpView.swift; sourceTree = "<group>"; };
		61FF5467298C8F6B001BE28E /* UserModel.swift */ = {isa = PBXFileReference; lastKnownFileType = sourcecode.swift; path = UserModel.swift; sourceTree = "<group>"; };
		61FF5469298C8F79001BE28E /* ProfileViewModel.swift */ = {isa = PBXFileReference; lastKnownFileType = sourcecode.swift; path = ProfileViewModel.swift; sourceTree = "<group>"; };
		61FF546C298C8FAC001BE28E /* FirebaseServices.swift */ = {isa = PBXFileReference; lastKnownFileType = sourcecode.swift; path = FirebaseServices.swift; sourceTree = "<group>"; };
		61FF546E298CC5E3001BE28E /* GoogleService-Info.plist */ = {isa = PBXFileReference; fileEncoding = 4; lastKnownFileType = text.plist.xml; path = "GoogleService-Info.plist"; sourceTree = "<group>"; };
		61FF5470298E2BBD001BE28E /* WelcomeScreen.swift */ = {isa = PBXFileReference; lastKnownFileType = sourcecode.swift; path = WelcomeScreen.swift; sourceTree = "<group>"; };
		61FF5472298E2BCE001BE28E /* InputScreen.swift */ = {isa = PBXFileReference; lastKnownFileType = sourcecode.swift; path = InputScreen.swift; sourceTree = "<group>"; };
		61FF5474298E2BDF001BE28E /* MessageScreen.swift */ = {isa = PBXFileReference; lastKnownFileType = sourcecode.swift; path = MessageScreen.swift; sourceTree = "<group>"; };
		61FF5476298EBA11001BE28E /* ProfileScreen.swift */ = {isa = PBXFileReference; lastKnownFileType = sourcecode.swift; path = ProfileScreen.swift; sourceTree = "<group>"; };
		61FF5478298EC6FA001BE28E /* EditProfileScreen.swift */ = {isa = PBXFileReference; lastKnownFileType = sourcecode.swift; path = EditProfileScreen.swift; sourceTree = "<group>"; };
		61FF547A29901DBF001BE28E /* MessageViewModel.swift */ = {isa = PBXFileReference; lastKnownFileType = sourcecode.swift; path = MessageViewModel.swift; sourceTree = "<group>"; };
		61FF547C29902C95001BE28E /* Make-It-Work-Info.plist */ = {isa = PBXFileReference; lastKnownFileType = text.plist; path = "Make-It-Work-Info.plist"; sourceTree = SOURCE_ROOT; };
		61FF547D29918268001BE28E /* TitleBar.swift */ = {isa = PBXFileReference; lastKnownFileType = sourcecode.swift; path = TitleBar.swift; sourceTree = "<group>"; };
		61FF547F299188C7001BE28E /* MessageModel.swift */ = {isa = PBXFileReference; lastKnownFileType = sourcecode.swift; path = MessageModel.swift; sourceTree = "<group>"; };
		61FF548129918966001BE28E /* MessageBubble.swift */ = {isa = PBXFileReference; lastKnownFileType = sourcecode.swift; path = MessageBubble.swift; sourceTree = "<group>"; };
/* End PBXFileReference section */

/* Begin PBXFrameworksBuildPhase section */
		61FF543D298C89F1001BE28E /* Frameworks */ = {
			isa = PBXFrameworksBuildPhase;
			buildActionMask = 2147483647;
			files = (
				61FF545A298C8D3E001BE28E /* FirebaseDatabase in Frameworks */,
				61FF545E298C8D3E001BE28E /* FirebaseStorage in Frameworks */,
				61FF5458298C8D3E001BE28E /* FirebaseAuth in Frameworks */,
				61FF545C298C8D3E001BE28E /* FirebaseFirestore in Frameworks */,
			);
			runOnlyForDeploymentPostprocessing = 0;
		};
/* End PBXFrameworksBuildPhase section */

/* Begin PBXGroup section */
		61FF5437298C89F1001BE28E = {
			isa = PBXGroup;
			children = (
				61FF5442298C89F1001BE28E /* Make It Work */,
				61FF5441298C89F1001BE28E /* Products */,
			);
			sourceTree = "<group>";
		};
		61FF5441298C89F1001BE28E /* Products */ = {
			isa = PBXGroup;
			children = (
				61FF5440298C89F1001BE28E /* Make It Work.app */,
			);
			name = Products;
			sourceTree = "<group>";
		};
		61FF5442298C89F1001BE28E /* Make It Work */ = {
			isa = PBXGroup;
			children = (
				61FF547C29902C95001BE28E /* Make-It-Work-Info.plist */,
				61FF5443298C89F1001BE28E /* Make_It_WorkApp.swift */,
				61FF5445298C89F1001BE28E /* ContentView.swift */,
				61FF546B298C8F88001BE28E /* Services */,
				61FF5452298C8A01001BE28E /* Views */,
				61FF5453298C8A07001BE28E /* ViewModels */,
				61FF5451298C89FB001BE28E /* Models */,
				61FF5455298C8A46001BE28E /* Extensions */,
				61FF5454298C8A2F001BE28E /* Screens */,
				61FF5447298C89F3001BE28E /* Assets.xcassets */,
				61FF546E298CC5E3001BE28E /* GoogleService-Info.plist */,
				61FF5449298C89F3001BE28E /* Preview Content */,
			);
			path = "Make It Work";
			sourceTree = "<group>";
		};
		61FF5449298C89F3001BE28E /* Preview Content */ = {
			isa = PBXGroup;
			children = (
				61FF544A298C89F3001BE28E /* Preview Assets.xcassets */,
			);
			path = "Preview Content";
			sourceTree = "<group>";
		};
		61FF5451298C89FB001BE28E /* Models */ = {
			isa = PBXGroup;
			children = (
				61FF5467298C8F6B001BE28E /* UserModel.swift */,
				61FF547F299188C7001BE28E /* MessageModel.swift */,
			);
			path = Models;
			sourceTree = "<group>";
		};
		61FF5452298C8A01001BE28E /* Views */ = {
			isa = PBXGroup;
			children = (
				61FF545F298C8D69001BE28E /* LoginView.swift */,
				61FF5463298C8E8E001BE28E /* HomeView.swift */,
				61FF5465298C8F14001BE28E /* SignUpView.swift */,
				61FF5470298E2BBD001BE28E /* WelcomeScreen.swift */,
				61FF5472298E2BCE001BE28E /* InputScreen.swift */,
				61FF5474298E2BDF001BE28E /* MessageScreen.swift */,
				61FF5476298EBA11001BE28E /* ProfileScreen.swift */,
				61FF5478298EC6FA001BE28E /* EditProfileScreen.swift */,
			);
			path = Views;
			sourceTree = "<group>";
		};
		61FF5453298C8A07001BE28E /* ViewModels */ = {
			isa = PBXGroup;
			children = (
				61FF5469298C8F79001BE28E /* ProfileViewModel.swift */,
				61FF547A29901DBF001BE28E /* MessageViewModel.swift */,
			);
			path = ViewModels;
			sourceTree = "<group>";
		};
		61FF5454298C8A2F001BE28E /* Screens */ = {
			isa = PBXGroup;
			children = (
			);
			path = Screens;
			sourceTree = "<group>";
		};
		61FF5455298C8A46001BE28E /* Extensions */ = {
			isa = PBXGroup;
			children = (
				61FF547D29918268001BE28E /* TitleBar.swift */,
				61FF548129918966001BE28E /* MessageBubble.swift */,
			);
			path = Extensions;
			sourceTree = "<group>";
		};
		61FF546B298C8F88001BE28E /* Services */ = {
			isa = PBXGroup;
			children = (
				61FF546C298C8FAC001BE28E /* FirebaseServices.swift */,
			);
			path = Services;
			sourceTree = "<group>";
		};
/* End PBXGroup section */

/* Begin PBXNativeTarget section */
		61FF543F298C89F1001BE28E /* Make It Work */ = {
			isa = PBXNativeTarget;
			buildConfigurationList = 61FF544E298C89F3001BE28E /* Build configuration list for PBXNativeTarget "Make It Work" */;
			buildPhases = (
				61FF543C298C89F1001BE28E /* Sources */,
				61FF543D298C89F1001BE28E /* Frameworks */,
				61FF543E298C89F1001BE28E /* Resources */,
			);
			buildRules = (
			);
			dependencies = (
			);
			name = "Make It Work";
			packageProductDependencies = (
				61FF5457298C8D3E001BE28E /* FirebaseAuth */,
				61FF5459298C8D3E001BE28E /* FirebaseDatabase */,
				61FF545B298C8D3E001BE28E /* FirebaseFirestore */,
				61FF545D298C8D3E001BE28E /* FirebaseStorage */,
			);
			productName = "Make It Work";
			productReference = 61FF5440298C89F1001BE28E /* Make It Work.app */;
			productType = "com.apple.product-type.application";
		};
/* End PBXNativeTarget section */

/* Begin PBXProject section */
		61FF5438298C89F1001BE28E /* Project object */ = {
			isa = PBXProject;
			attributes = {
				BuildIndependentTargetsInParallel = 1;
				LastSwiftUpdateCheck = 1420;
				LastUpgradeCheck = 1420;
				TargetAttributes = {
					61FF543F298C89F1001BE28E = {
						CreatedOnToolsVersion = 14.2;
					};
				};
			};
			buildConfigurationList = 61FF543B298C89F1001BE28E /* Build configuration list for PBXProject "Make It Work" */;
			compatibilityVersion = "Xcode 14.0";
			developmentRegion = en;
			hasScannedForEncodings = 0;
			knownRegions = (
				en,
				Base,
			);
			mainGroup = 61FF5437298C89F1001BE28E;
			packageReferences = (
				61FF5456298C8D3E001BE28E /* XCRemoteSwiftPackageReference "firebase-ios-sdk" */,
			);
			productRefGroup = 61FF5441298C89F1001BE28E /* Products */;
			projectDirPath = "";
			projectRoot = "";
			targets = (
				61FF543F298C89F1001BE28E /* Make It Work */,
			);
		};
/* End PBXProject section */

/* Begin PBXResourcesBuildPhase section */
		61FF543E298C89F1001BE28E /* Resources */ = {
			isa = PBXResourcesBuildPhase;
			buildActionMask = 2147483647;
			files = (
				61FF544B298C89F3001BE28E /* Preview Assets.xcassets in Resources */,
				61FF5448298C89F3001BE28E /* Assets.xcassets in Resources */,
				61FF546F298CC5E3001BE28E /* GoogleService-Info.plist in Resources */,
			);
			runOnlyForDeploymentPostprocessing = 0;
		};
/* End PBXResourcesBuildPhase section */

/* Begin PBXSourcesBuildPhase section */
		61FF543C298C89F1001BE28E /* Sources */ = {
			isa = PBXSourcesBuildPhase;
			buildActionMask = 2147483647;
			files = (
				61FF5473298E2BCE001BE28E /* InputScreen.swift in Sources */,
				61FF5475298E2BDF001BE28E /* MessageScreen.swift in Sources */,
				61FF5460298C8D69001BE28E /* LoginView.swift in Sources */,
				61FF5480299188C7001BE28E /* MessageModel.swift in Sources */,
				61FF546A298C8F79001BE28E /* ProfileViewModel.swift in Sources */,
				61FF547B29901DBF001BE28E /* MessageViewModel.swift in Sources */,
				61FF546D298C8FAC001BE28E /* FirebaseServices.swift in Sources */,
				61FF5479298EC6FA001BE28E /* EditProfileScreen.swift in Sources */,
				61FF547E29918268001BE28E /* TitleBar.swift in Sources */,
				61FF5471298E2BBD001BE28E /* WelcomeScreen.swift in Sources */,
				61FF548229918966001BE28E /* MessageBubble.swift in Sources */,
				61FF5468298C8F6B001BE28E /* UserModel.swift in Sources */,
				61FF5477298EBA11001BE28E /* ProfileScreen.swift in Sources */,
				61FF5446298C89F1001BE28E /* ContentView.swift in Sources */,
				61FF5464298C8E8E001BE28E /* HomeView.swift in Sources */,
				61FF5466298C8F14001BE28E /* SignUpView.swift in Sources */,
				61FF5444298C89F1001BE28E /* Make_It_WorkApp.swift in Sources */,
			);
			runOnlyForDeploymentPostprocessing = 0;
		};
/* End PBXSourcesBuildPhase section */

/* Begin XCBuildConfiguration section */
		61FF544C298C89F3001BE28E /* Debug */ = {
			isa = XCBuildConfiguration;
			buildSettings = {
				ALWAYS_SEARCH_USER_PATHS = NO;
				CLANG_ANALYZER_NONNULL = YES;
				CLANG_ANALYZER_NUMBER_OBJECT_CONVERSION = YES_AGGRESSIVE;
				CLANG_CXX_LANGUAGE_STANDARD = "gnu++20";
				CLANG_ENABLE_MODULES = YES;
				CLANG_ENABLE_OBJC_ARC = YES;
				CLANG_ENABLE_OBJC_WEAK = YES;
				CLANG_WARN_BLOCK_CAPTURE_AUTORELEASING = YES;
				CLANG_WARN_BOOL_CONVERSION = YES;
				CLANG_WARN_COMMA = YES;
				CLANG_WARN_CONSTANT_CONVERSION = YES;
				CLANG_WARN_DEPRECATED_OBJC_IMPLEMENTATIONS = YES;
				CLANG_WARN_DIRECT_OBJC_ISA_USAGE = YES_ERROR;
				CLANG_WARN_DOCUMENTATION_COMMENTS = YES;
				CLANG_WARN_EMPTY_BODY = YES;
				CLANG_WARN_ENUM_CONVERSION = YES;
				CLANG_WARN_INFINITE_RECURSION = YES;
				CLANG_WARN_INT_CONVERSION = YES;
				CLANG_WARN_NON_LITERAL_NULL_CONVERSION = YES;
				CLANG_WARN_OBJC_IMPLICIT_RETAIN_SELF = YES;
				CLANG_WARN_OBJC_LITERAL_CONVERSION = YES;
				CLANG_WARN_OBJC_ROOT_CLASS = YES_ERROR;
				CLANG_WARN_QUOTED_INCLUDE_IN_FRAMEWORK_HEADER = YES;
				CLANG_WARN_RANGE_LOOP_ANALYSIS = YES;
				CLANG_WARN_STRICT_PROTOTYPES = YES;
				CLANG_WARN_SUSPICIOUS_MOVE = YES;
				CLANG_WARN_UNGUARDED_AVAILABILITY = YES_AGGRESSIVE;
				CLANG_WARN_UNREACHABLE_CODE = YES;
				CLANG_WARN__DUPLICATE_METHOD_MATCH = YES;
				COPY_PHASE_STRIP = NO;
				DEBUG_INFORMATION_FORMAT = dwarf;
				ENABLE_STRICT_OBJC_MSGSEND = YES;
				ENABLE_TESTABILITY = YES;
				GCC_C_LANGUAGE_STANDARD = gnu11;
				GCC_DYNAMIC_NO_PIC = NO;
				GCC_NO_COMMON_BLOCKS = YES;
				GCC_OPTIMIZATION_LEVEL = 0;
				GCC_PREPROCESSOR_DEFINITIONS = (
					"DEBUG=1",
					"$(inherited)",
				);
				GCC_WARN_64_TO_32_BIT_CONVERSION = YES;
				GCC_WARN_ABOUT_RETURN_TYPE = YES_ERROR;
				GCC_WARN_UNDECLARED_SELECTOR = YES;
				GCC_WARN_UNINITIALIZED_AUTOS = YES_AGGRESSIVE;
				GCC_WARN_UNUSED_FUNCTION = YES;
				GCC_WARN_UNUSED_VARIABLE = YES;
				IPHONEOS_DEPLOYMENT_TARGET = 16.2;
				MTL_ENABLE_DEBUG_INFO = INCLUDE_SOURCE;
				MTL_FAST_MATH = YES;
				ONLY_ACTIVE_ARCH = YES;
				SDKROOT = iphoneos;
				SWIFT_ACTIVE_COMPILATION_CONDITIONS = DEBUG;
				SWIFT_OPTIMIZATION_LEVEL = "-Onone";
			};
			name = Debug;
		};
		61FF544D298C89F3001BE28E /* Release */ = {
			isa = XCBuildConfiguration;
			buildSettings = {
				ALWAYS_SEARCH_USER_PATHS = NO;
				CLANG_ANALYZER_NONNULL = YES;
				CLANG_ANALYZER_NUMBER_OBJECT_CONVERSION = YES_AGGRESSIVE;
				CLANG_CXX_LANGUAGE_STANDARD = "gnu++20";
				CLANG_ENABLE_MODULES = YES;
				CLANG_ENABLE_OBJC_ARC = YES;
				CLANG_ENABLE_OBJC_WEAK = YES;
				CLANG_WARN_BLOCK_CAPTURE_AUTORELEASING = YES;
				CLANG_WARN_BOOL_CONVERSION = YES;
				CLANG_WARN_COMMA = YES;
				CLANG_WARN_CONSTANT_CONVERSION = YES;
				CLANG_WARN_DEPRECATED_OBJC_IMPLEMENTATIONS = YES;
				CLANG_WARN_DIRECT_OBJC_ISA_USAGE = YES_ERROR;
				CLANG_WARN_DOCUMENTATION_COMMENTS = YES;
				CLANG_WARN_EMPTY_BODY = YES;
				CLANG_WARN_ENUM_CONVERSION = YES;
				CLANG_WARN_INFINITE_RECURSION = YES;
				CLANG_WARN_INT_CONVERSION = YES;
				CLANG_WARN_NON_LITERAL_NULL_CONVERSION = YES;
				CLANG_WARN_OBJC_IMPLICIT_RETAIN_SELF = YES;
				CLANG_WARN_OBJC_LITERAL_CONVERSION = YES;
				CLANG_WARN_OBJC_ROOT_CLASS = YES_ERROR;
				CLANG_WARN_QUOTED_INCLUDE_IN_FRAMEWORK_HEADER = YES;
				CLANG_WARN_RANGE_LOOP_ANALYSIS = YES;
				CLANG_WARN_STRICT_PROTOTYPES = YES;
				CLANG_WARN_SUSPICIOUS_MOVE = YES;
				CLANG_WARN_UNGUARDED_AVAILABILITY = YES_AGGRESSIVE;
				CLANG_WARN_UNREACHABLE_CODE = YES;
				CLANG_WARN__DUPLICATE_METHOD_MATCH = YES;
				COPY_PHASE_STRIP = NO;
				DEBUG_INFORMATION_FORMAT = "dwarf-with-dsym";
				ENABLE_NS_ASSERTIONS = NO;
				ENABLE_STRICT_OBJC_MSGSEND = YES;
				GCC_C_LANGUAGE_STANDARD = gnu11;
				GCC_NO_COMMON_BLOCKS = YES;
				GCC_WARN_64_TO_32_BIT_CONVERSION = YES;
				GCC_WARN_ABOUT_RETURN_TYPE = YES_ERROR;
				GCC_WARN_UNDECLARED_SELECTOR = YES;
				GCC_WARN_UNINITIALIZED_AUTOS = YES_AGGRESSIVE;
				GCC_WARN_UNUSED_FUNCTION = YES;
				GCC_WARN_UNUSED_VARIABLE = YES;
				IPHONEOS_DEPLOYMENT_TARGET = 16.2;
				MTL_ENABLE_DEBUG_INFO = NO;
				MTL_FAST_MATH = YES;
				SDKROOT = iphoneos;
				SWIFT_COMPILATION_MODE = wholemodule;
				SWIFT_OPTIMIZATION_LEVEL = "-O";
				VALIDATE_PRODUCT = YES;
			};
			name = Release;
		};
		61FF544F298C89F3001BE28E /* Debug */ = {
			isa = XCBuildConfiguration;
			buildSettings = {
				ASSETCATALOG_COMPILER_APPICON_NAME = AppIcon;
				ASSETCATALOG_COMPILER_GLOBAL_ACCENT_COLOR_NAME = AccentColor;
				CODE_SIGN_STYLE = Automatic;
				CURRENT_PROJECT_VERSION = 1;
				DEVELOPMENT_ASSET_PATHS = "\"Make It Work/Preview Content\"";
				ENABLE_PREVIEWS = YES;
				GENERATE_INFOPLIST_FILE = YES;
				INFOPLIST_FILE = "Make-It-Work-Info.plist";
				INFOPLIST_KEY_UIApplicationSceneManifest_Generation = YES;
				INFOPLIST_KEY_UIApplicationSupportsIndirectInputEvents = YES;
				INFOPLIST_KEY_UILaunchScreen_Generation = YES;
				INFOPLIST_KEY_UISupportedInterfaceOrientations_iPad = "UIInterfaceOrientationPortrait UIInterfaceOrientationPortraitUpsideDown UIInterfaceOrientationLandscapeLeft UIInterfaceOrientationLandscapeRight";
				INFOPLIST_KEY_UISupportedInterfaceOrientations_iPhone = "UIInterfaceOrientationPortrait UIInterfaceOrientationLandscapeLeft UIInterfaceOrientationLandscapeRight";
				LD_RUNPATH_SEARCH_PATHS = (
					"$(inherited)",
					"@executable_path/Frameworks",
				);
				MARKETING_VERSION = 1.0;
				PRODUCT_BUNDLE_IDENTIFIER = "com.BigDawgs.Make-It-Work";
				PRODUCT_NAME = "$(TARGET_NAME)";
				SWIFT_EMIT_LOC_STRINGS = YES;
				SWIFT_VERSION = 5.0;
				TARGETED_DEVICE_FAMILY = "1,2";
			};
			name = Debug;
		};
		61FF5450298C89F3001BE28E /* Release */ = {
			isa = XCBuildConfiguration;
			buildSettings = {
				ASSETCATALOG_COMPILER_APPICON_NAME = AppIcon;
				ASSETCATALOG_COMPILER_GLOBAL_ACCENT_COLOR_NAME = AccentColor;
				CODE_SIGN_STYLE = Automatic;
				CURRENT_PROJECT_VERSION = 1;
				DEVELOPMENT_ASSET_PATHS = "\"Make It Work/Preview Content\"";
				ENABLE_PREVIEWS = YES;
				GENERATE_INFOPLIST_FILE = YES;
				INFOPLIST_FILE = "Make-It-Work-Info.plist";
				INFOPLIST_KEY_UIApplicationSceneManifest_Generation = YES;
				INFOPLIST_KEY_UIApplicationSupportsIndirectInputEvents = YES;
				INFOPLIST_KEY_UILaunchScreen_Generation = YES;
				INFOPLIST_KEY_UISupportedInterfaceOrientations_iPad = "UIInterfaceOrientationPortrait UIInterfaceOrientationPortraitUpsideDown UIInterfaceOrientationLandscapeLeft UIInterfaceOrientationLandscapeRight";
				INFOPLIST_KEY_UISupportedInterfaceOrientations_iPhone = "UIInterfaceOrientationPortrait UIInterfaceOrientationLandscapeLeft UIInterfaceOrientationLandscapeRight";
				LD_RUNPATH_SEARCH_PATHS = (
					"$(inherited)",
					"@executable_path/Frameworks",
				);
				MARKETING_VERSION = 1.0;
				PRODUCT_BUNDLE_IDENTIFIER = "com.BigDawgs.Make-It-Work";
				PRODUCT_NAME = "$(TARGET_NAME)";
				SWIFT_EMIT_LOC_STRINGS = YES;
				SWIFT_VERSION = 5.0;
				TARGETED_DEVICE_FAMILY = "1,2";
			};
			name = Release;
		};
/* End XCBuildConfiguration section */

/* Begin XCConfigurationList section */
		61FF543B298C89F1001BE28E /* Build configuration list for PBXProject "Make It Work" */ = {
			isa = XCConfigurationList;
			buildConfigurations = (
				61FF544C298C89F3001BE28E /* Debug */,
				61FF544D298C89F3001BE28E /* Release */,
			);
			defaultConfigurationIsVisible = 0;
			defaultConfigurationName = Release;
		};
		61FF544E298C89F3001BE28E /* Build configuration list for PBXNativeTarget "Make It Work" */ = {
			isa = XCConfigurationList;
			buildConfigurations = (
				61FF544F298C89F3001BE28E /* Debug */,
				61FF5450298C89F3001BE28E /* Release */,
			);
			defaultConfigurationIsVisible = 0;
			defaultConfigurationName = Release;
		};
/* End XCConfigurationList section */

/* Begin XCRemoteSwiftPackageReference section */
		61FF5456298C8D3E001BE28E /* XCRemoteSwiftPackageReference "firebase-ios-sdk" */ = {
			isa = XCRemoteSwiftPackageReference;
			repositoryURL = "https://github.com/firebase/firebase-ios-sdk";
			requirement = {
				branch = master;
				kind = branch;
			};
		};
/* End XCRemoteSwiftPackageReference section */

/* Begin XCSwiftPackageProductDependency section */
		61FF5457298C8D3E001BE28E /* FirebaseAuth */ = {
			isa = XCSwiftPackageProductDependency;
			package = 61FF5456298C8D3E001BE28E /* XCRemoteSwiftPackageReference "firebase-ios-sdk" */;
			productName = FirebaseAuth;
		};
		61FF5459298C8D3E001BE28E /* FirebaseDatabase */ = {
			isa = XCSwiftPackageProductDependency;
			package = 61FF5456298C8D3E001BE28E /* XCRemoteSwiftPackageReference "firebase-ios-sdk" */;
			productName = FirebaseDatabase;
		};
		61FF545B298C8D3E001BE28E /* FirebaseFirestore */ = {
			isa = XCSwiftPackageProductDependency;
			package = 61FF5456298C8D3E001BE28E /* XCRemoteSwiftPackageReference "firebase-ios-sdk" */;
			productName = FirebaseFirestore;
		};
		61FF545D298C8D3E001BE28E /* FirebaseStorage */ = {
			isa = XCSwiftPackageProductDependency;
			package = 61FF5456298C8D3E001BE28E /* XCRemoteSwiftPackageReference "firebase-ios-sdk" */;
			productName = FirebaseStorage;
		};
/* End XCSwiftPackageProductDependency section */
	};
	rootObject = 61FF5438298C89F1001BE28E /* Project object */;
}
